# This is a Gradle generated file for dependency locking.
# Manual edits can break the build and are not advised.
# This file is expected to be part of source control.
# To regenerate this file, run: ./gradlew :dependencies --write-locks
ca.weblite:java-objc-bridge:1.1=compileClasspath,neoFormRuntimeDependenciesCompileClasspath,testCompileClasspath
com.electronwill.night-config:core:3.8.3=compileClasspath,neoForgeTestLibraries,neoFormRuntimeDependenciesCompileClasspath,neoFormRuntimeDependenciesRuntimeClasspath,testCompileClasspath,testRuntimeClasspath
com.electronwill.night-config:toml:3.8.3=compileClasspath,neoForgeTestLibraries,neoFormRuntimeDependenciesCompileClasspath,neoFormRuntimeDependenciesRuntimeClasspath,testCompileClasspath,testRuntimeClasspath
com.github.oshi:oshi-core:6.4.10=compileClasspath,neoForgeTestLibraries,neoFormRuntimeDependenciesCompileClasspath,neoFormRuntimeDependenciesRuntimeClasspath,testCompileClasspath,testRuntimeClasspath
com.google.code.findbugs:jsr305:3.0.2=compileClasspath,neoForgeTestLibraries,neoFormRuntimeDependenciesCompileClasspath,neoFormRuntimeDependenciesRuntimeClasspath,testCompileClasspath,testRuntimeClasspath
com.google.code.gson:gson:2.10.1=compileClasspath,neoForgeTestLibraries,neoFormRuntimeDependenciesCompileClasspath,neoFormRuntimeDependenciesRuntimeClasspath,neoFormRuntimeExternalTools,testCompileClasspath,testRuntimeClasspath,worldToolCompileClasspath
com.google.errorprone:error_prone_annotations:2.18.0=compileClasspath,neoForgeTestLibraries,neoFormRuntimeDependenciesCompileClasspath,neoFormRuntimeDependenciesRuntimeClasspath,testCompileClasspath,testRuntimeClasspath
com.google.guava:failureaccess:1.0.1=compileClasspath,neoForgeTestLibraries,neoFormRuntimeDependenciesCompileClasspath,neoFormRuntimeDependenciesRuntimeClasspath,testCompileClasspath,testRuntimeClasspath
com.google.guava:guava:32.1.2-jre=compileClasspath,neoForgeTestLibraries,neoFormRuntimeDependenciesCompileClasspath,neoFormRuntimeDependenciesRuntimeClasspath,testCompileClasspath,testRuntimeClasspath
com.google.guava:listenablefuture:9999.0-empty-to-avoid-conflict-with-guava=compileClasspath,neoForgeTestLibraries,neoFormRuntimeDependenciesCompileClasspath,neoFormRuntimeDependenciesRuntimeClasspath,testCompileClasspath,testRuntimeClasspath
com.google.j2objc:j2objc-annotations:2.8=compileClasspath,neoForgeTestLibraries,neoFormRuntimeDependenciesCompileClasspath,neoFormRuntimeDependenciesRuntimeClasspath,testCompileClasspath,testRuntimeClasspath
com.ibm.icu:icu4j:73.2=compileClasspath,neoForgeTestLibraries,neoFormRuntimeDependenciesCompileClasspath,neoFormRuntimeDependenciesRuntimeClasspath,testCompileClasspath,testRuntimeClasspath
com.machinezoo.noexception:noexception:1.7.1=compileClasspath,neoForgeTestLibraries,neoFormRuntimeDependenciesCompileClasspath,neoFormRuntimeDependenciesRuntimeClasspath,testCompileClasspath,testRuntimeClasspath
com.mojang:authlib:6.0.54=compileClasspath,neoForgeTestLibraries,neoFormRuntimeDependenciesCompileClasspath,neoFormRuntimeDependenciesRuntimeClasspath,testCompileClasspath,testRuntimeClasspath
com.mojang:blocklist:1.0.10=compileClasspath,neoForgeTestLibraries,neoFormRuntimeDependenciesCompileClasspath,neoFormRuntimeDependenciesRuntimeClasspath,testCompileClasspath,testRuntimeClasspath
com.mojang:brigadier:1.3.10=compileClasspath,neoForgeTestLibraries,neoFormRuntimeDependenciesCompileClasspath,neoFormRuntimeDependenciesRuntimeClasspath,testCompileClasspath,testRuntimeClasspath
com.mojang:datafixerupper:8.0.16=compileClasspath,neoForgeTestLibraries,neoFormRuntimeDependenciesCompileClasspath,neoFormRuntimeDependenciesRuntimeClasspath,testCompileClasspath,testRuntimeClasspath
com.mojang:logging:1.2.7=compileClasspath,neoForgeTestLibraries,neoFormRuntimeDependenciesCompileClasspath,neoFormRuntimeDependenciesRuntimeClasspath,testCompileClasspath,testRuntimeClasspath
com.mojang:patchy:2.2.10=compileClasspath,neoForgeTestLibraries,neoFormRuntimeDependenciesCompileClasspath,neoFormRuntimeDependenciesRuntimeClasspath,testCompileClasspath,testRuntimeClasspath
com.mojang:text2speech:1.17.9=compileClasspath,neoForgeTestLibraries,neoFormRuntimeDependenciesCompileClasspath,neoFormRuntimeDependenciesRuntimeClasspath,testCompileClasspath,testRuntimeClasspath
com.nothome:javaxdelta:2.0.1=neoFormRuntimeExternalTools
commons-codec:commons-codec:1.16.0=compileClasspath,neoForgeTestLibraries,neoFormRuntimeDependenciesCompileClasspath,neoFormRuntimeDependenciesRuntimeClasspath,testCompileClasspath,testRuntimeClasspath
commons-io:commons-io:2.15.1=compileClasspath,neoForgeTestLibraries,neoFormRuntimeDependenciesCompileClasspath,neoFormRuntimeDependenciesRuntimeClasspath,testCompileClasspath,testRuntimeClasspath
commons-logging:commons-logging:1.2=compileClasspath,neoForgeTestLibraries,neoFormRuntimeDependenciesCompileClasspath,neoFormRuntimeDependenciesRuntimeClasspath,testCompileClasspath,testRuntimeClasspath
cpw.mods:bootstraplauncher:2.0.2=compileClasspath,neoForgeTestLibraries,neoForgeTestModules,neoFormRuntimeDependenciesCompileClasspath,neoFormRuntimeDependenciesRuntimeClasspath,testCompileClasspath,testRuntimeClasspath
cpw.mods:modlauncher:11.0.5=compileClasspath,neoForgeTestLibraries,neoFormRuntimeDependenciesCompileClasspath,neoFormRuntimeDependenciesRuntimeClasspath,testCompileClasspath,testRuntimeClasspath
cpw.mods:securejarhandler:3.0.8=compileClasspath,neoForgeTestLibraries,neoForgeTestModules,neoFormRuntimeDependenciesCompileClasspath,neoFormRuntimeDependenciesRuntimeClasspath,testCompileClasspath,testRuntimeClasspath
de.siegmar:fastcsv:2.0.0=neoFormRuntimeExternalTools
io.codechicken:DiffPatch:2.0.0.36=neoFormRuntimeExternalTools
io.github.llamalad7:mixinextras-neoforge:0.5.3=compileClasspath,neoFormRuntimeDependenciesCompileClasspath,testCompileClasspath
io.netty:netty-buffer:4.1.97.Final=compileClasspath,neoForgeTestLibraries,neoFormRuntimeDependenciesCompileClasspath,neoFormRuntimeDependenciesRuntimeClasspath,testCompileClasspath,testRuntimeClasspath
io.netty:netty-codec:4.1.97.Final=compileClasspath,neoForgeTestLibraries,neoFormRuntimeDependenciesCompileClasspath,neoFormRuntimeDependenciesRuntimeClasspath,testCompileClasspath,testRuntimeClasspath
io.netty:netty-common:4.1.97.Final=compileClasspath,neoForgeTestLibraries,neoFormRuntimeDependenciesCompileClasspath,neoFormRuntimeDependenciesRuntimeClasspath,testCompileClasspath,testRuntimeClasspath
io.netty:netty-handler:4.1.97.Final=compileClasspath,neoForgeTestLibraries,neoFormRuntimeDependenciesCompileClasspath,neoFormRuntimeDependenciesRuntimeClasspath,testCompileClasspath,testRuntimeClasspath
io.netty:netty-resolver:4.1.97.Final=compileClasspath,neoForgeTestLibraries,neoFormRuntimeDependenciesCompileClasspath,neoFormRuntimeDependenciesRuntimeClasspath,testCompileClasspath,testRuntimeClasspath
io.netty:netty-transport-classes-epoll:4.1.97.Final=compileClasspath,neoForgeTestLibraries,neoFormRuntimeDependenciesCompileClasspath,neoFormRuntimeDependenciesRuntimeClasspath,testCompileClasspath,testRuntimeClasspath
io.netty:netty-transport-native-unix-common:4.1.97.Final=compileClasspath,neoForgeTestLibraries,neoFormRuntimeDependenciesCompileClasspath,neoFormRuntimeDependenciesRuntimeClasspath,testCompileClasspath,testRuntimeClasspath
io.netty:netty-transport:4.1.97.Final=compileClasspath,neoForgeTestLibraries,neoFormRuntimeDependenciesCompileClasspath,neoFormRuntimeDependenciesRuntimeClasspath,testCompileClasspath,testRuntimeClasspath
it.unimi.dsi:fastutil:8.3.1=neoFormRuntimeExternalTools
it.unimi.dsi:fastutil:8.5.12=compileClasspath,neoForgeTestLibraries,neoFormRuntimeDependenciesCompileClasspath,neoFormRuntimeDependenciesRuntimeClasspath,testCompileClasspath,testRuntimeClasspath
net.covers1624:Quack:0.4.10.101=neoFormRuntimeExternalTools
net.fabricmc:sponge-mixin:0.15.2+mixin.0.8.7=compileClasspath,neoForgeTestLibraries,neoFormRuntimeDependenciesCompileClasspath,neoFormRuntimeDependenciesRuntimeClasspath,testCompileClasspath,testRuntimeClasspath
net.java.dev.jna:jna-platform:5.14.0=compileClasspath,neoForgeTestLibraries,neoFormRuntimeDependenciesCompileClasspath,neoFormRuntimeDependenciesRuntimeClasspath,testCompileClasspath,testRuntimeClasspath
net.java.dev.jna:jna:5.14.0=compileClasspath,neoForgeTestLibraries,neoFormRuntimeDependenciesCompileClasspath,neoFormRuntimeDependenciesRuntimeClasspath,testCompileClasspath,testRuntimeClasspath
net.jodah:typetools:0.6.3=compileClasspath,neoForgeTestLibraries,neoFormRuntimeDependenciesCompileClasspath,neoFormRuntimeDependenciesRuntimeClasspath,testCompileClasspath,testRuntimeClasspath
net.minecraftforge:mergetool:1.1.7=neoFormRuntimeExternalTools
net.minecraftforge:srgutils:0.4.15=neoForgeTestLibraries,neoFormRuntimeDependenciesRuntimeClasspath,neoFormRuntimeExternalTools,testRuntimeClasspath
net.minecrell:terminalconsoleappender:1.3.0=compileClasspath,neoForgeTestLibraries,neoFormRuntimeDependenciesCompileClasspath,neoFormRuntimeDependenciesRuntimeClasspath,testCompileClasspath,testRuntimeClasspath
net.neoforged.accesstransformers:at-modlauncher:10.0.1=neoForgeTestLibraries,neoFormRuntimeDependenciesRuntimeClasspath,testRuntimeClasspath
net.neoforged.accesstransformers:at-parser:13.0.1=neoFormRuntimeExternalTools
net.neoforged.fancymodloader:earlydisplay:4.0.43=compileClasspath,neoForgeTestLibraries,neoFormRuntimeDependenciesCompileClasspath,neoFormRuntimeDependenciesRuntimeClasspath,testCompileClasspath,testRuntimeClasspath
net.neoforged.fancymodloader:junit-fml:4.0.43=testRuntimeClasspath
net.neoforged.fancymodloader:loader:4.0.43=compileClasspath,neoForgeTestLibraries,neoFormRuntimeDependenciesCompileClasspath,neoFormRuntimeDependenciesRuntimeClasspath,testCompileClasspath,testRuntimeClasspath
net.neoforged.installertools:binarypatcher:4.0.12=neoFormRuntimeExternalTools
net.neoforged.installertools:cli-utils:4.0.12=neoFormRuntimeExternalTools
net.neoforged.installertools:installertools:2.1.2=neoFormRuntimeDependenciesNeoForgeClasses
net.neoforged.installertools:installertools:4.0.12=neoFormRuntimeExternalTools
net.neoforged.javadoctor:gson-io:2.0.17=neoFormRuntimeExternalTools
net.neoforged.javadoctor:spec:2.0.17=neoFormRuntimeExternalTools
net.neoforged.jst:jst-cli-bundle:2.0.6=neoFormRuntimeExternalTools
net.neoforged:AutoRenamingTool:2.0.17=neoFormRuntimeExternalTools
net.neoforged:AutoRenamingTool:2.0.3=neoFormRuntimeDependenciesNeoForgeClasses
net.neoforged:JarJarFileSystems:0.4.1=compileClasspath,neoForgeTestLibraries,neoForgeTestModules,neoFormRuntimeDependenciesCompileClasspath,neoFormRuntimeDependenciesRuntimeClasspath,testCompileClasspath,testRuntimeClasspath
net.neoforged:JarJarMetadata:0.4.1=compileClasspath,neoForgeTestLibraries,neoFormRuntimeDependenciesCompileClasspath,neoFormRuntimeDependenciesRuntimeClasspath,testCompileClasspath,testRuntimeClasspath
net.neoforged:JarJarSelector:0.4.1=compileClasspath,neoForgeTestLibraries,neoFormRuntimeDependenciesCompileClasspath,neoFormRuntimeDependenciesRuntimeClasspath,testCompileClasspath,testRuntimeClasspath
net.neoforged:accesstransformers:10.0.1=compileClasspath,neoForgeTestLibraries,neoFormRuntimeDependenciesCompileClasspath,neoFormRuntimeDependenciesRuntimeClasspath,testCompileClasspath,testRuntimeClasspath
net.neoforged:accesstransformers:13.0.1=neoFormRuntimeExternalTools
net.neoforged:bus:8.0.5=compileClasspath,neoForgeTestLibraries,neoFormRuntimeDependenciesCompileClasspath,neoFormRuntimeDependenciesRuntimeClasspath,testCompileClasspath,testRuntimeClasspath
net.neoforged:coremods:7.0.3=compileClasspath,neoForgeTestLibraries,neoFormRuntimeDependenciesCompileClasspath,neoFormRuntimeDependenciesRuntimeClasspath,testCompileClasspath,testRuntimeClasspath
net.neoforged:mergetool:2.0.0=neoForgeTestLibraries,neoFormRuntimeDependenciesRuntimeClasspath,testRuntimeClasspath
net.neoforged:mergetool:2.0.3=compileClasspath,neoFormRuntimeDependenciesCompileClasspath,neoFormRuntimeDependenciesNeoForgeClasses,testCompileClasspath
net.neoforged:minecraft-dependencies:1.21.1=compileClasspath,neoForgeTestLibraries,neoFormRuntimeDependenciesCompileClasspath,neoFormRuntimeDependenciesRuntimeClasspath,testCompileClasspath,testRuntimeClasspath
net.neoforged:neoforge:21.1.241=compileClasspath,neoForgeConfigOnly,neoForgeTestLibraries,neoForgeTestModules,neoFormRuntimeDependenciesCompileClasspath,neoFormRuntimeDependenciesNeoForgeClasses,neoFormRuntimeDependenciesNeoForgeSources,neoFormRuntimeDependenciesRuntimeClasspath,testCompileClasspath,testRuntimeClasspath
net.neoforged:neoform-runtime:2.0.18=neoFormRuntimeExternalTools,neoFormRuntimeTool
net.neoforged:neoform:1.21.1-20240808.144430=compileClasspath,neoForgeTestLibraries,neoFormRuntimeDependenciesCompileClasspath,neoFormRuntimeDependenciesNeoForgeClasses,neoFormRuntimeDependenciesRuntimeClasspath,testCompileClasspath,testRuntimeClasspath
net.neoforged:srgutils:1.0.0=neoFormRuntimeExternalTools
net.sf.jopt-simple:jopt-simple:5.0.4=compileClasspath,neoForgeTestLibraries,neoFormRuntimeDependenciesCompileClasspath,neoFormRuntimeDependenciesRuntimeClasspath,testCompileClasspath,testRuntimeClasspath
net.sf.jopt-simple:jopt-simple:6.0-alpha-3=neoFormRuntimeExternalTools
org.antlr:antlr4-runtime:4.13.1=compileClasspath,neoForgeTestLibraries,neoFormRuntimeDependenciesCompileClasspath,neoFormRuntimeDependenciesRuntimeClasspath,testCompileClasspath,testRuntimeClasspath
org.apache.commons:commons-compress:1.18=neoFormRuntimeExternalTools
org.apache.commons:commons-compress:1.26.0=compileClasspath,neoForgeTestLibraries,neoFormRuntimeDependenciesCompileClasspath,neoFormRuntimeDependenciesRuntimeClasspath,testCompileClasspath,testRuntimeClasspath
org.apache.commons:commons-lang3:3.14.0=compileClasspath,neoForgeTestLibraries,neoFormRuntimeDependenciesCompileClasspath,neoFormRuntimeDependenciesRuntimeClasspath,testCompileClasspath,testRuntimeClasspath
org.apache.commons:commons-lang3:3.9=neoFormRuntimeExternalTools
org.apache.httpcomponents:httpclient:4.5.13=compileClasspath,neoForgeTestLibraries,neoFormRuntimeDependenciesCompileClasspath,neoFormRuntimeDependenciesRuntimeClasspath,testCompileClasspath,testRuntimeClasspath
org.apache.httpcomponents:httpcore:4.4.16=compileClasspath,neoForgeTestLibraries,neoFormRuntimeDependenciesCompileClasspath,neoFormRuntimeDependenciesRuntimeClasspath,testCompileClasspath,testRuntimeClasspath
org.apache.logging.log4j:log4j-api:2.22.1=compileClasspath,neoForgeTestLibraries,neoFormRuntimeDependenciesCompileClasspath,neoFormRuntimeDependenciesRuntimeClasspath,testCompileClasspath,testRuntimeClasspath
org.apache.logging.log4j:log4j-core:2.22.1=compileClasspath,neoForgeTestLibraries,neoFormRuntimeDependenciesCompileClasspath,neoFormRuntimeDependenciesRuntimeClasspath,testCompileClasspath,testRuntimeClasspath
org.apache.logging.log4j:log4j-slf4j2-impl:2.22.1=compileClasspath,neoForgeTestLibraries,neoFormRuntimeDependenciesCompileClasspath,neoFormRuntimeDependenciesRuntimeClasspath,testCompileClasspath,testRuntimeClasspath
org.apache.maven:maven-artifact:3.8.5=compileClasspath,neoForgeTestLibraries,neoFormRuntimeDependenciesCompileClasspath,neoFormRuntimeDependenciesRuntimeClasspath,testCompileClasspath,testRuntimeClasspath
org.apiguardian:apiguardian-api:1.1.2=testCompileClasspath
org.appliedenergistics:appliedenergistics2:19.2.17=compileClasspath
org.checkerframework:checker-qual:3.33.0=compileClasspath,neoForgeTestLibraries,neoFormRuntimeDependenciesCompileClasspath,neoFormRuntimeDependenciesRuntimeClasspath,testCompileClasspath,testRuntimeClasspath
org.codehaus.plexus:plexus-utils:3.3.0=compileClasspath,neoForgeTestLibraries,neoFormRuntimeDependenciesCompileClasspath,neoFormRuntimeDependenciesRuntimeClasspath,testCompileClasspath,testRuntimeClasspath
org.jcraft:jorbis:0.0.17=compileClasspath,neoForgeTestLibraries,neoFormRuntimeDependenciesCompileClasspath,neoFormRuntimeDependenciesRuntimeClasspath,testCompileClasspath,testRuntimeClasspath
org.jetbrains:annotations:24.1.0=compileClasspath,neoFormRuntimeDependenciesCompileClasspath,testCompileClasspath
org.jline:jline-reader:3.20.0=compileClasspath,neoForgeTestLibraries,neoFormRuntimeDependenciesCompileClasspath,neoFormRuntimeDependenciesRuntimeClasspath,testCompileClasspath,testRuntimeClasspath
org.jline:jline-terminal:3.20.0=compileClasspath,neoForgeTestLibraries,neoFormRuntimeDependenciesCompileClasspath,neoFormRuntimeDependenciesRuntimeClasspath,testCompileClasspath,testRuntimeClasspath
org.joml:joml:1.10.5=compileClasspath,neoForgeTestLibraries,neoFormRuntimeDependenciesCompileClasspath,neoFormRuntimeDependenciesRuntimeClasspath,testCompileClasspath,testRuntimeClasspath
org.junit.jupiter:junit-jupiter-api:5.11.4=testCompileClasspath,testRuntimeClasspath
org.junit.jupiter:junit-jupiter-engine:5.11.4=testRuntimeClasspath
org.junit.jupiter:junit-jupiter-params:5.11.4=testCompileClasspath,testRuntimeClasspath
org.junit.jupiter:junit-jupiter:5.11.4=testCompileClasspath,testRuntimeClasspath
org.junit.platform:junit-platform-commons:1.11.4=testCompileClasspath,testRuntimeClasspath
org.junit.platform:junit-platform-engine:1.11.4=testRuntimeClasspath
org.junit.platform:junit-platform-launcher:1.11.4=testRuntimeClasspath
org.junit:junit-bom:5.11.4=testCompileClasspath,testRuntimeClasspath
org.lwjgl:lwjgl-freetype:3.3.3=compileClasspath,neoForgeTestLibraries,neoFormRuntimeDependenciesCompileClasspath,neoFormRuntimeDependenciesRuntimeClasspath,testCompileClasspath,testRuntimeClasspath
org.lwjgl:lwjgl-glfw:3.3.3=compileClasspath,neoForgeTestLibraries,neoFormRuntimeDependenciesCompileClasspath,neoFormRuntimeDependenciesRuntimeClasspath,testCompileClasspath,testRuntimeClasspath
org.lwjgl:lwjgl-jemalloc:3.3.3=compileClasspath,neoForgeTestLibraries,neoFormRuntimeDependenciesCompileClasspath,neoFormRuntimeDependenciesRuntimeClasspath,testCompileClasspath,testRuntimeClasspath
org.lwjgl:lwjgl-openal:3.3.3=compileClasspath,neoForgeTestLibraries,neoFormRuntimeDependenciesCompileClasspath,neoFormRuntimeDependenciesRuntimeClasspath,testCompileClasspath,testRuntimeClasspath
org.lwjgl:lwjgl-opengl:3.3.3=compileClasspath,neoForgeTestLibraries,neoFormRuntimeDependenciesCompileClasspath,neoFormRuntimeDependenciesRuntimeClasspath,testCompileClasspath,testRuntimeClasspath
org.lwjgl:lwjgl-stb:3.3.3=compileClasspath,neoForgeTestLibraries,neoFormRuntimeDependenciesCompileClasspath,neoFormRuntimeDependenciesRuntimeClasspath,testCompileClasspath,testRuntimeClasspath
org.lwjgl:lwjgl-tinyfd:3.3.3=compileClasspath,neoForgeTestLibraries,neoFormRuntimeDependenciesCompileClasspath,neoFormRuntimeDependenciesRuntimeClasspath,testCompileClasspath,testRuntimeClasspath
org.lwjgl:lwjgl:3.3.3=compileClasspath,neoForgeTestLibraries,neoFormRuntimeDependenciesCompileClasspath,neoFormRuntimeDependenciesRuntimeClasspath,testCompileClasspath,testRuntimeClasspath
org.lz4:lz4-java:1.8.0=compileClasspath,neoForgeTestLibraries,neoFormRuntimeDependenciesCompileClasspath,neoFormRuntimeDependenciesRuntimeClasspath,testCompileClasspath,testRuntimeClasspath,worldToolCompileClasspath
org.openjdk.nashorn:nashorn-core:15.4=compileClasspath,neoForgeTestLibraries,neoFormRuntimeDependenciesCompileClasspath,neoFormRuntimeDependenciesRuntimeClasspath,testCompileClasspath,testRuntimeClasspath
org.opentest4j:opentest4j:1.3.0=testCompileClasspath,testRuntimeClasspath
org.ow2.asm:asm-analysis:9.5=neoFormRuntimeExternalTools
org.ow2.asm:asm-analysis:9.8=compileClasspath,neoForgeTestLibraries,neoForgeTestModules,neoFormRuntimeDependenciesCompileClasspath,neoFormRuntimeDependenciesRuntimeClasspath,testCompileClasspath,testRuntimeClasspath
org.ow2.asm:asm-commons:9.8=compileClasspath,neoForgeTestLibraries,neoForgeTestModules,neoFormRuntimeDependenciesCompileClasspath,neoFormRuntimeDependenciesRuntimeClasspath,testCompileClasspath,testRuntimeClasspath
org.ow2.asm:asm-commons:9.9.1=neoFormRuntimeExternalTools
org.ow2.asm:asm-tree:9.8=compileClasspath,neoForgeTestLibraries,neoForgeTestModules,neoFormRuntimeDependenciesCompileClasspath,neoFormRuntimeDependenciesRuntimeClasspath,testCompileClasspath,testRuntimeClasspath
org.ow2.asm:asm-tree:9.9.1=neoFormRuntimeExternalTools
org.ow2.asm:asm-util:9.5=neoFormRuntimeExternalTools
org.ow2.asm:asm-util:9.8=compileClasspath,neoForgeTestLibraries,neoForgeTestModules,neoFormRuntimeDependenciesCompileClasspath,neoFormRuntimeDependenciesRuntimeClasspath,testCompileClasspath,testRuntimeClasspath
org.ow2.asm:asm:9.8=compileClasspath,neoForgeTestLibraries,neoForgeTestModules,neoFormRuntimeDependenciesCompileClasspath,neoFormRuntimeDependenciesRuntimeClasspath,testCompileClasspath,testRuntimeClasspath
org.ow2.asm:asm:9.9.1=neoFormRuntimeExternalTools
org.slf4j:slf4j-api:2.0.9=compileClasspath,neoForgeTestLibraries,neoFormRuntimeDependenciesCompileClasspath,neoFormRuntimeDependenciesRuntimeClasspath,testCompileClasspath,testRuntimeClasspath
org.tukaani:xz:1.10=neoFormRuntimeExternalTools
org.vineflower:vineflower:1.10.1=neoFormRuntimeDependenciesNeoForgeClasses
trove:trove:1.0.2=neoFormRuntimeExternalTools
empty=accessTransformers,annotationProcessor,interfaceInjectionData,jarJar,parchmentData,testAnnotationProcessor,worldToolAnnotationProcessor
